<Solution>
  <Project Path="Battles.API/Battles.API.csproj" />
  <Project Path="Pokedex.API/Pokedex.API.csproj" />
  <Project Path="Pokemons.Domain/Pokemons.Domain.csproj" />
  <Project Path="Pokemons.Infra/Pokemons.Infra.csproj" />
  <Project Path="Pokemons.IntegrationTests/Pokemons.IntegrationTests.csproj" />
  <Project Path="Pokemons.Tests/Pokemons.Tests.csproj" />
</Solution>
